// !$*UTF8*$!
{
	archiveVersion = 1;
	classes = {
	};
	objectVersion = 46;
	objects = {

/* Begin PBXBuildFile section */
		0A472F8F1A8FDEC9009860C2 /* main.m in Sources */ = {isa = PBXBuildFile; fileRef = 0A472F8E1A8FDEC9009860C2 /* main.m */; };
		0A472F921A8FDEC9009860C2 /* AppDelegate.m in Sources */ = {isa = PBXBuildFile; fileRef = 0A472F911A8FDEC9009860C2 /* AppDelegate.m */; };
		0A472F951A8FDEC9009860C2 /* ViewController.m in Sources */ = {isa = PBXBuildFile; fileRef = 0A472F941A8FDEC9009860C2 /* ViewController.m */; };
		0A472F9A1A8FDEC9009860C2 /* Images.xcassets in Resources */ = {isa = PBXBuildFile; fileRef = 0A472F991A8FDEC9009860C2 /* Images.xcassets */; };
		0A472F9D1A8FDEC9009860C2 /* LaunchScreen.xib in Resources */ = {isa = PBXBuildFile; fileRef = 0A472F9B1A8FDEC9009860C2 /* LaunchScreen.xib */; };
		0A472FA91A8FDEC9009860C2 /* QRCodeReaderTests.m in Sources */ = {isa = PBXBuildFile; fileRef = 0A472FA81A8FDEC9009860C2 /* QRCodeReaderTests.m */; };
		0AB776631A8FF63400A8C307 /* beep.mp3 in Resources */ = {isa = PBXBuildFile; fileRef = 0AB776621A8FF63400A8C307 /* beep.mp3 */; };
		0AB776651A8FFE5A00A8C307 /* Main.storyboard in Resources */ = {isa = PBXBuildFile; fileRef = 0AB776641A8FFE5A00A8C307 /* Main.storyboard */; };
/* End PBXBuildFile section */

/* Begin PBXContainerItemProxy section */
		0A472FA31A8FDEC9009860C2 /* PBXContainerItemProxy */ = {
			isa = PBXContainerItemProxy;
			containerPortal = 0A472F811A8FDEC9009860C2 /* Project object */;
			proxyType = 1;
			remoteGlobalIDString = 0A472F881A8FDEC9009860C2;
			remoteInfo = QRCodeReader;
		};
/* End PBXContainerItemProxy section */

/* Begin PBXFileReference section */
		0A472F891A8FDEC9009860C2 /* QRCodeReader.app */ = {isa = PBXFileReference; explicitFileType = wrapper.application; includeInIndex = 0; path = QRCodeReader.app; sourceTree = BUILT_PRODUCTS_DIR; };
		0A472F8D1A8FDEC9009860C2 /* Info.plist */ = {isa = PBXFileReference; lastKnownFileType = text.plist.xml; path = Info.plist; sourceTree = "<group>"; };
		0A472F8E1A8FDEC9009860C2 /* main.m */ = {isa = PBXFileReference; lastKnownFileType = sourcecode.c.objc; path = main.m; sourceTree = "<group>"; };
		0A472F901A8FDEC9009860C2 /* AppDelegate.h */ = {isa = PBXFileReference; lastKnownFileType = sourcecode.c.h; path = AppDelegate.h; sourceTree = "<group>"; };
		0A472F911A8FDEC9009860C2 /* AppDelegate.m */ = {isa = PBXFileReference; lastKnownFileType = sourcecode.c.objc; path = AppDelegate.m; sourceTree = "<group>"; };
		0A472F931A8FDEC9009860C2 /* ViewController.h */ = {isa = PBXFileReference; lastKnownFileType = sourcecode.c.h; path = ViewController.h; sourceTree = "<group>"; };
		0A472F941A8FDEC9009860C2 /* ViewController.m */ = {isa = PBXFileReference; lastKnownFileType = sourcecode.c.objc; path = ViewController.m; sourceTree = "<group>"; };
		0A472F991A8FDEC9009860C2 /* Images.xcassets */ = {isa = PBXFileReference; lastKnownFileType = folder.assetcatalog; path = Images.xcassets; sourceTree = "<group>"; };
		0A472F9C1A8FDEC9009860C2 /* Base */ = {isa = PBXFileReference; lastKnownFileType = file.xib; name = Base; path = Base.lproj/LaunchScreen.xib; sourceTree = "<group>"; };
		0A472FA21A8FDEC9009860C2 /* QRCodeReaderTests.xctest */ = {isa = PBXFileReference; explicitFileType = wrapper.cfbundle; includeInIndex = 0; path = QRCodeReaderTests.xctest; sourceTree = BUILT_PRODUCTS_DIR; };
		0A472FA71A8FDEC9009860C2 /* Info.plist */ = {isa = PBXFileReference; lastKnownFileType = text.plist.xml; path = Info.plist; sourceTree = "<group>"; };
		0A472FA81A8FDEC9009860C2 /* QRCodeReaderTests.m */ = {isa = PBXFileReference; lastKnownFileType = sourcecode.c.objc; path = QRCodeReaderTests.m; sourceTree = "<group>"; };
		0AB776621A8FF63400A8C307 /* beep.mp3 */ = {isa = PBXFileReference; lastKnownFileType = audio.mp3; path = beep.mp3; sourceTree = "<group>"; };
		0AB776641A8FFE5A00A8C307 /* Main.storyboard */ = {isa = PBXFileReference; fileEncoding = 4; lastKnownFileType = file.storyboard; path = Main.storyboard; sourceTree = "<group>"; };
/* End PBXFileReference section */

/* Begin PBXFrameworksBuildPhase section */
		0A472F861A8FDEC9009860C2 /* Frameworks */ = {
			isa = PBXFrameworksBuildPhase;
			buildActionMask = 2147483647;
			files = (
			);
			runOnlyForDeploymentPostprocessing = 0;
		};
		0A472F9F1A8FDEC9009860C2 /* Frameworks */ = {
			isa = PBXFrameworksBuildPhase;
			buildActionMask = 2147483647;
			files = (
			);
			runOnlyForDeploymentPostprocessing = 0;
		};
/* End PBXFrameworksBuildPhase section */

/* Begin PBXGroup section */
		0A472F801A8FDEC9009860C2 = {
			isa = PBXGroup;
			children = (
				0A472F8B1A8FDEC9009860C2 /* QRCodeReader */,
				0A472FA51A8FDEC9009860C2 /* QRCodeReaderTests */,
				0A472F8A1A8FDEC9009860C2 /* Products */,
			);
			sourceTree = "<group>";
		};
		0A472F8A1A8FDEC9009860C2 /* Products */ = {
			isa = PBXGroup;
			children = (
				0A472F891A8FDEC9009860C2 /* QRCodeReader.app */,
				0A472FA21A8FDEC9009860C2 /* QRCodeReaderTests.xctest */,
			);
			name = Products;
			sourceTree = "<group>";
		};
		0A472F8B1A8FDEC9009860C2 /* QRCodeReader */ = {
			isa = PBXGroup;
			children = (
				0A472F901A8FDEC9009860C2 /* AppDelegate.h */,
				0A472F911A8FDEC9009860C2 /* AppDelegate.m */,
				0A472F931A8FDEC9009860C2 /* ViewController.h */,
				0A472F941A8FDEC9009860C2 /* ViewController.m */,
				0AB776641A8FFE5A00A8C307 /* Main.storyboard */,
				0A472F9B1A8FDEC9009860C2 /* LaunchScreen.xib */,
				0A472F8C1A8FDEC9009860C2 /* Supporting Files */,
			);
			path = QRCodeReader;
			sourceTree = "<group>";
		};
		0A472F8C1A8FDEC9009860C2 /* Supporting Files */ = {
			isa = PBXGroup;
			children = (
				0AB776621A8FF63400A8C307 /* beep.mp3 */,
				0A472F991A8FDEC9009860C2 /* Images.xcassets */,
				0A472F8D1A8FDEC9009860C2 /* Info.plist */,
				0A472F8E1A8FDEC9009860C2 /* main.m */,
			);
			name = "Supporting Files";
			sourceTree = "<group>";
		};
		0A472FA51A8FDEC9009860C2 /* QRCodeReaderTests */ = {
			isa = PBXGroup;
			children = (
				0A472FA81A8FDEC9009860C2 /* QRCodeReaderTests.m */,
				0A472FA61A8FDEC9009860C2 /* Supporting Files */,
			);
			path = QRCodeReaderTests;
			sourceTree = "<group>";
		};
		0A472FA61A8FDEC9009860C2 /* Supporting Files */ = {
			isa = PBXGroup;
			children = (
				0A472FA71A8FDEC9009860C2 /* Info.plist */,
			);
			name = "Supporting Files";
			sourceTree = "<group>";
		};
/* End PBXGroup section */

/* Begin PBXNativeTarget section */
		0A472F881A8FDEC9009860C2 /* QRCodeReader */ = {
			isa = PBXNativeTarget;
			buildConfigurationList = 0A472FAC1A8FDEC9009860C2 /* Build configuration list for PBXNativeTarget "QRCodeReader" */;
			buildPhases = (
				0A472F851A8FDEC9009860C2 /* Sources */,
				0A472F861A8FDEC9009860C2 /* Frameworks */,
				0A472F871A8FDEC9009860C2 /* Resources */,
			);
			buildRules = (
			);
			dependencies = (
			);
			name = QRCodeReader;
			productName = QRCodeReader;
			productReference = 0A472F891A8FDEC9009860C2 /* QRCodeReader.app */;
			productType = "com.apple.product-type.application";
		};
		0A472FA11A8FDEC9009860C2 /* QRCodeReaderTests */ = {
			isa = PBXNativeTarget;
			buildConfigurationList = 0A472FAF1A8FDEC9009860C2 /* Build configuration list for PBXNativeTarget "QRCodeReaderTests" */;
			buildPhases = (
				0A472F9E1A8FDEC9009860C2 /* Sources */,
				0A472F9F1A8FDEC9009860C2 /* Frameworks */,
				0A472FA01A8FDEC9009860C2 /* Resources */,
			);
			buildRules = (
			);
			dependencies = (
				0A472FA41A8FDEC9009860C2 /* PBXTargetDependency */,
			);
			name = QRCodeReaderTests;
			productName = QRCodeReaderTests;
			productReference = 0A472FA21A8FDEC9009860C2 /* QRCodeReaderTests.xctest */;
			productType = "com.apple.product-type.bundle.unit-test";
		};
/* End PBXNativeTarget section */

/* Begin PBXProject section */
		0A472F811A8FDEC9009860C2 /* Project object */ = {
			isa = PBXProject;
			attributes = {
				LastUpgradeCheck = 0610;
				ORGANIZATIONNAME = "Steven Shatz";
				TargetAttributes = {
					0A472F881A8FDEC9009860C2 = {
						CreatedOnToolsVersion = 6.1.1;
					};
					0A472FA11A8FDEC9009860C2 = {
						CreatedOnToolsVersion = 6.1.1;
						TestTargetID = 0A472F881A8FDEC9009860C2;
					};
				};
			};
			buildConfigurationList = 0A472F841A8FDEC9009860C2 /* Build configuration list for PBXProject "QRCodeReader" */;
			compatibilityVersion = "Xcode 3.2";
			developmentRegion = English;
			hasScannedForEncodings = 0;
			knownRegions = (
				en,
				Base,
			);
			mainGroup = 0A472F801A8FDEC9009860C2;
			productRefGroup = 0A472F8A1A8FDEC9009860C2 /* Products */;
			projectDirPath = "";
			projectRoot = "";
			targets = (
				0A472F881A8FDEC9009860C2 /* QRCodeReader */,
				0A472FA11A8FDEC9009860C2 /* QRCodeReaderTests */,
			);
		};
/* End PBXProject section */

/* Begin PBXResourcesBuildPhase section */
		0A472F871A8FDEC9009860C2 /* Resources */ = {
			isa = PBXResourcesBuildPhase;
			buildActionMask = 2147483647;
			files = (
				0AB776631A8FF63400A8C307 /* beep.mp3 in Resources */,
				0AB776651A8FFE5A00A8C307 /* Main.storyboard in Resources */,
				0A472F9D1A8FDEC9009860C2 /* LaunchScreen.xib in Resources */,
				0A472F9A1A8FDEC9009860C2 /* Images.xcassets in Resources */,
			);
			runOnlyForDeploymentPostprocessing = 0;
		};
		0A472FA01A8FDEC9009860C2 /* Resources */ = {
			isa = PBXResourcesBuildPhase;
			buildActionMask = 2147483647;
			files = (
			);
			runOnlyForDeploymentPostprocessing = 0;
		};
/* End PBXResourcesBuildPhase section */

/* Begin PBXSourcesBuildPhase section */
		0A472F851A8FDEC9009860C2 /* Sources */ = {
			isa = PBXSourcesBuildPhase;
			buildActionMask = 2147483647;
			files = (
				0A472F951A8FDEC9009860C2 /* ViewController.m in Sources */,
				0A472F921A8FDEC9009860C2 /* AppDelegate.m in Sources */,
				0A472F8F1A8FDEC9009860C2 /* main.m in Sources */,
			);
			runOnlyForDeploymentPostprocessing = 0;
		};
		0A472F9E1A8FDEC9009860C2 /* Sources */ = {
			isa = PBXSourcesBuildPhase;
			buildActionMask = 2147483647;
			files = (
				0A472FA91A8FDEC9009860C2 /* QRCodeReaderTests.m in Sources */,
			);
			runOnlyForDeploymentPostprocessing = 0;
		};
/* End PBXSourcesBuildPhase section */

/* Begin PBXTargetDependency section */
		0A472FA41A8FDEC9009860C2 /* PBXTargetDependency */ = {
			isa = PBXTargetDependency;
			target = 0A472F881A8FDEC9009860C2 /* QRCodeReader */;
			targetProxy = 0A472FA31A8FDEC9009860C2 /* PBXContainerItemProxy */;
		};
/* End PBXTargetDependency section */

/* Begin PBXVariantGroup section */
		0A472F9B1A8FDEC9009860C2 /* LaunchScreen.xib */ = {
			isa = PBXVariantGroup;
			children = (
				0A472F9C1A8FDEC9009860C2 /* Base */,
			);
			name = LaunchScreen.xib;
			sourceTree = "<group>";
		};
/* End PBXVariantGroup section */

/* Begin XCBuildConfiguration section */
		0A472FAA1A8FDEC9009860C2 /* Debug */ = {
			isa = XCBuildConfiguration;
			buildSettings = {
				ALWAYS_SEARCH_USER_PATHS = NO;
				CLANG_CXX_LANGUAGE_STANDARD = "gnu++0x";
				CLANG_CXX_LIBRARY = "libc++";
				CLANG_ENABLE_MODULES = YES;
				CLANG_ENABLE_OBJC_ARC = YES;
				CLANG_WARN_BOOL_CONVERSION = YES;
				CLANG_WARN_CONSTANT_CONVERSION = YES;
				CLANG_WARN_DIRECT_OBJC_ISA_USAGE = YES_ERROR;
				CLANG_WARN_EMPTY_BODY = YES;
				CLANG_WARN_ENUM_CONVERSION = YES;
				CLANG_WARN_INT_CONVERSION = YES;
				CLANG_WARN_OBJC_ROOT_CLASS = YES_ERROR;
				CLANG_WARN_UNREACHABLE_CODE = YES;
				CLANG_WARN__DUPLICATE_METHOD_MATCH = YES;
				"CODE_SIGN_IDENTITY[sdk=iphoneos*]" = "iPhone Developer";
				COPY_PHASE_STRIP = NO;
				ENABLE_STRICT_OBJC_MSGSEND = YES;
				GCC_C_LANGUAGE_STANDARD = gnu99;
				GCC_DYNAMIC_NO_PIC = NO;
				GCC_OPTIMIZATION_LEVEL = 0;
				GCC_PREPROCESSOR_DEFINITIONS = (
					"DEBUG=1",
					"$(inherited)",
				);
				GCC_SYMBOLS_PRIVATE_EXTERN = NO;
				GCC_WARN_64_TO_32_BIT_CONVERSION = YES;
				GCC_WARN_ABOUT_RETURN_TYPE = YES_ERROR;
				GCC_WARN_UNDECLARED_SELECTOR = YES;
				GCC_WARN_UNINITIALIZED_AUTOS = YES_AGGRESSIVE;
				GCC_WARN_UNUSED_FUNCTION = YES;
				GCC_WARN_UNUSED_VARIABLE = YES;
				IPHONEOS_DEPLOYMENT_TARGET = 8.1;
				MTL_ENABLE_DEBUG_INFO = YES;
				ONLY_ACTIVE_ARCH = YES;
				SDKROOT = iphoneos;
				TARGETED_DEVICE_FAMILY = "1,2";
			};
			name = Debug;
		};
		0A472FAB1A8FDEC9009860C2 /* Release */ = {
			isa = XCBuildConfiguration;
			buildSettings = {
				ALWAYS_SEARCH_USER_PATHS = NO;
				CLANG_CXX_LANGUAGE_STANDARD = "gnu++0x";
				CLANG_CXX_LIBRARY = "libc++";
				CLANG_ENABLE_MODULES = YES;
				CLANG_ENABLE_OBJC_ARC = YES;
				CLANG_WARN_BOOL_CONVERSION = YES;
				CLANG_WARN_CONSTANT_CONVERSION = YES;
				CLANG_WARN_DIRECT_OBJC_ISA_USAGE = YES_ERROR;
				CLANG_WARN_EMPTY_BODY = YES;
				CLANG_WARN_ENUM_CONVERSION = YES;
				CLANG_WARN_INT_CONVERSION = YES;
				CLANG_WARN_OBJC_ROOT_CLASS = YES_ERROR;
				CLANG_WARN_UNREACHABLE_CODE = YES;
				CLANG_WARN__DUPLICATE_METHOD_MATCH = YES;
				"CODE_SIGN_IDENTITY[sdk=iphoneos*]" = "iPhone Developer";
				COPY_PHASE_STRIP = YES;
				ENABLE_NS_ASSERTIONS = NO;
				ENABLE_STRICT_OBJC_MSGSEND = YES;
				GCC_C_LANGUAGE_STANDARD = gnu99;
				GCC_WARN_64_TO_32_BIT_CONVERSION = YES;
				GCC_WARN_ABOUT_RETURN_TYPE = YES_ERROR;
				GCC_WARN_UNDECLARED_SELECTOR = YES;
				GCC_WARN_UNINITIALIZED_AUTOS = YES_AGGRESSIVE;
				GCC_WARN_UNUSED_FUNCTION = YES;
				GCC_WARN_UNUSED_VARIABLE = YES;
				IPHONEOS_DEPLOYMENT_TARGET = 8.1;
				MTL_ENABLE_DEBUG_INFO = NO;
				SDKROOT = iphoneos;
				TARGETED_DEVICE_FAMILY = "1,2";
				VALIDATE_PRODUCT = YES;
			};
			name = Release;
		};
		0A472FAD1A8FDEC9009860C2 /* Debug */ = {
			isa = XCBuildConfiguration;
			buildSettings = {
				ASSETCATALOG_COMPILER_APPICON_NAME = AppIcon;
				INFOPLIST_FILE = QRCodeReader/Info.plist;
				LD_RUNPATH_SEARCH_PATHS = "$(inherited) @executable_path/Frameworks";
				PRODUCT_NAME = "$(TARGET_NAME)";
			};
			name = Debug;
		};
		0A472FAE1A8FDEC9009860C2 /* Release */ = {
			isa = XCBuildConfiguration;
			buildSettings = {
				ASSETCATALOG_COMPILER_APPICON_NAME = AppIcon;
				INFOPLIST_FILE = QRCodeReader/Info.plist;
				LD_RUNPATH_SEARCH_PATHS = "$(inherited) @executable_path/Frameworks";
				PRODUCT_NAME = "$(TARGET_NAME)";
			};
			name = Release;
		};
		0A472FB01A8FDEC9009860C2 /* Debug */ = {
			isa = XCBuildConfiguration;
			buildSettings = {
				BUNDLE_LOADER = "$(TEST_HOST)";
				FRAMEWORK_SEARCH_PATHS = (
					"$(SDKROOT)/Developer/Library/Frameworks",
					"$(inherited)",
				);
				GCC_PREPROCESSOR_DEFINITIONS = (
					"DEBUG=1",
					"$(inherited)",
				);
				INFOPLIST_FILE = QRCodeReaderTests/Info.plist;
				LD_RUNPATH_SEARCH_PATHS = "$(inherited) @executable_path/Frameworks @loader_path/Frameworks";
				PRODUCT_NAME = "$(TARGET_NAME)";
				TEST_HOST = "$(BUILT_PRODUCTS_DIR)/QRCodeReader.app/QRCodeReader";
			};
			name = Debug;
		};
		0A472FB11A8FDEC9009860C2 /* Release */ = {
			isa = XCBuildConfiguration;
			buildSettings = {
				BUNDLE_LOADER = "$(TEST_HOST)";
				FRAMEWORK_SEARCH_PATHS = (
					"$(SDKROOT)/Developer/Library/Frameworks",
					"$(inherited)",
				);
				INFOPLIST_FILE = QRCodeReaderTests/Info.plist;
				LD_RUNPATH_SEARCH_PATHS = "$(inherited) @executable_path/Frameworks @loader_path/Frameworks";
				PRODUCT_NAME = "$(TARGET_NAME)";
				TEST_HOST = "$(BUILT_PRODUCTS_DIR)/QRCodeReader.app/QRCodeReader";
			};
			name = Release;
		};
/* End XCBuildConfiguration section */

/* Begin XCConfigurationList section */
		0A472F841A8FDEC9009860C2 /* Build configuration list for PBXProject "QRCodeReader" */ = {
			isa = XCConfigurationList;
			buildConfigurations = (
				0A472FAA1A8FDEC9009860C2 /* Debug */,
				0A472FAB1A8FDEC9009860C2 /* Release */,
			);
			defaultConfigurationIsVisible = 0;
			defaultConfigurationName = Release;
		};
		0A472FAC1A8FDEC9009860C2 /* Build configuration list for PBXNativeTarget "QRCodeReader" */ = {
			isa = XCConfigurationList;
			buildConfigurations = (
				0A472FAD1A8FDEC9009860C2 /* Debug */,
				0A472FAE1A8FDEC9009860C2 /* Release */,
			);
			defaultConfigurationIsVisible = 0;
			defaultConfigurationName = Release;
		};
		0A472FAF1A8FDEC9009860C2 /* Build configuration list for PBXNativeTarget "QRCodeReaderTests" */ = {
			isa = XCConfigurationList;
			buildConfigurations = (
				0A472FB01A8FDEC9009860C2 /* Debug */,
				0A472FB11A8FDEC9009860C2 /* Release */,
			);
			defaultConfigurationIsVisible = 0;
			defaultConfigurationName = Release;
		};
/* End XCConfigurationList section */
	};
	rootObject = 0A472F811A8FDEC9009860C2 /* Project object */;
}
